
Microsoft Visual Studio Solution File, Format Version 12.00
# Visual Studio Version 17
VisualStudioVersion = 17.4.33213.308
MinimumVisualStudioVersion = 10.0.40219.1
Project("{FAE04EC0-301F-11D3-BF4B-00C04F79EFBC}") = "StringManipulation", "StringManipulation\StringManipulation.csproj", "{8EA994E6-D306-4E50-907C-154D2FFCB66D}"
EndProject
Global
	GlobalSection(SolutionConfigurationPlatforms) = preSolution
		Debug|Any CPU = Debug|Any CPU
		Release|Any CPU = Release|Any CPU
	EndGlobalSection
	GlobalSection(ProjectConfigurationPlatforms) = postSolution
		{8EA994E6-D306-4E50-907C-154D2FFCB66D}.Debug|Any CPU.ActiveCfg = Debug|Any CPU
		{8EA994E6-D306-4E50-907C-154D2FFCB66D}.Debug|Any CPU.Build.0 = Debug|Any CPU
		{8EA994E6-D306-4E50-907C-154D2FFCB66D}.Release|Any CPU.ActiveCfg = Release|Any CPU
		{8EA994E6-D306-4E50-907C-154D2FFCB66D}.Release|Any CPU.Build.0 = Release|Any CPU
	EndGlobalSection
	GlobalSection(SolutionProperties) = preSolution
		HideSolutionNode = FALSE
	EndGlobalSection
	GlobalSection(ExtensibilityGlobals) = postSolution
		SolutionGuid = {A1B591F8-95F1-4947-A94B-6109107E5955}
	EndGlobalSection
EndGlobal
